
Microsoft Visual Studio Solution File, Format Version 12.00
# Visual Studio 15
Project("{FAE04EC0-301F-11D3-BF4B-00C04F79EFBC}") = "HelloWorldAgain", "HelloWorldAgain\HelloWorldAgain.csproj", "{D3825979-8368-446B-921B-58EB949A25C9}"
EndProject
Global
	GlobalSection(SolutionConfigurationPlatforms) = preSolution
		Debug|Any CPU = Debug|Any CPU
		Release|Any CPU = Release|Any CPU
	EndGlobalSection
	GlobalSection(ProjectConfigurationPlatforms) = postSolution
		{D3825979-8368-446B-921B-58EB949A25C9}.Debug|Any CPU.ActiveCfg = Debug|Any CPU
		{D3825979-8368-446B-921B-58EB949A25C9}.Debug|Any CPU.Build.0 = Debug|Any CPU
		{D3825979-8368-446B-921B-58EB949A25C9}.Release|Any CPU.ActiveCfg = Release|Any CPU
		{D3825979-8368-446B-921B-58EB949A25C9}.Release|Any CPU.Build.0 = Release|Any CPU
	EndGlobalSection
EndGlobal
